
Microsoft Visual Studio Solution File, Format Version 12.00
# Visual Studio 14
VisualStudioVersion = 14.0.25420.1
MinimumVisualStudioVersion = 10.0.40219.1
Project("{2150E333-8FDC-42A3-9474-1A3956D46DE8}") = "Common", "Common", "{D8A366F5-5B59-43D9-9CAA-2D9A42677620}"
EndProject
Project("{2150E333-8FDC-42A3-9474-1A3956D46DE8}") = "BLL", "BLL", "{8C8F5494-6572-4DBC-B79C-20361110E653}"
EndProject
Project("{2150E333-8FDC-42A3-9474-1A3956D46DE8}") = "DAL", "DAL", "{241FB04A-5A2B-4473-AF34-34CF25635F6F}"
EndProject
Project("{2150E333-8FDC-42A3-9474-1A3956D46DE8}") = "UI", "UI", "{B0059F9B-322B-4C75-9FE6-94A00DE2FFC0}"
EndProject
Project("{FAE04EC0-301F-11D3-BF4B-00C04F79EFBC}") = "MVC", "MVC\MVC.csproj", "{3E50FC9C-1BF6-443C-832F-9EA6245870FF}"
EndProject
Project("{FAE04EC0-301F-11D3-BF4B-00C04F79EFBC}") = "IDAL", "IDAL\IDAL.csproj", "{2D940BD2-6BC0-40AD-85DA-1EDA469781A8}"
EndProject
Project("{FAE04EC0-301F-11D3-BF4B-00C04F79EFBC}") = "DAL", "DAL\DAL.csproj", "{44DC90E9-CDF8-48AB-8375-7206A70914F5}"
EndProject
Project("{FAE04EC0-301F-11D3-BF4B-00C04F79EFBC}") = "Model", "Model\Model.csproj", "{E337B55A-BCD5-4FE2-90CB-F7A57B24E9D6}"
EndProject
Project("{FAE04EC0-301F-11D3-BF4B-00C04F79EFBC}") = "IBLL", "IBLL\IBLL.csproj", "{EADC0AA9-437B-4B16-A1FA-48ABC9254673}"
EndProject
Project("{FAE04EC0-301F-11D3-BF4B-00C04F79EFBC}") = "BLL", "BLL\BLL.csproj", "{F9FE7F3F-8B0A-4D26-8982-68A2B474EE44}"
EndProject
Global
	GlobalSection(SolutionConfigurationPlatforms) = preSolution
		Debug|Any CPU = Debug|Any CPU
		Release|Any CPU = Release|Any CPU
	EndGlobalSection
	GlobalSection(ProjectConfigurationPlatforms) = postSolution
		{3E50FC9C-1BF6-443C-832F-9EA6245870FF}.Debug|Any CPU.ActiveCfg = Debug|Any CPU
		{3E50FC9C-1BF6-443C-832F-9EA6245870FF}.Debug|Any CPU.Build.0 = Debug|Any CPU
		{3E50FC9C-1BF6-443C-832F-9EA6245870FF}.Release|Any CPU.ActiveCfg = Release|Any CPU
		{3E50FC9C-1BF6-443C-832F-9EA6245870FF}.Release|Any CPU.Build.0 = Release|Any CPU
		{2D940BD2-6BC0-40AD-85DA-1EDA469781A8}.Debug|Any CPU.ActiveCfg = Debug|Any CPU
		{2D940BD2-6BC0-40AD-85DA-1EDA469781A8}.Debug|Any CPU.Build.0 = Debug|Any CPU
		{2D940BD2-6BC0-40AD-85DA-1EDA469781A8}.Release|Any CPU.ActiveCfg = Release|Any CPU
		{2D940BD2-6BC0-40AD-85DA-1EDA469781A8}.Release|Any CPU.Build.0 = Release|Any CPU
		{44DC90E9-CDF8-48AB-8375-7206A70914F5}.Debug|Any CPU.ActiveCfg = Debug|Any CPU
		{44DC90E9-CDF8-48AB-8375-7206A70914F5}.Debug|Any CPU.Build.0 = Debug|Any CPU
		{44DC90E9-CDF8-48AB-8375-7206A70914F5}.Release|Any CPU.ActiveCfg = Release|Any CPU
		{44DC90E9-CDF8-48AB-8375-7206A70914F5}.Release|Any CPU.Build.0 = Release|Any CPU
		{E337B55A-BCD5-4FE2-90CB-F7A57B24E9D6}.Debug|Any CPU.ActiveCfg = Debug|Any CPU
		{E337B55A-BCD5-4FE2-90CB-F7A57B24E9D6}.Debug|Any CPU.Build.0 = Debug|Any CPU
		{E337B55A-BCD5-4FE2-90CB-F7A57B24E9D6}.Release|Any CPU.ActiveCfg = Release|Any CPU
		{E337B55A-BCD5-4FE2-90CB-F7A57B24E9D6}.Release|Any CPU.Build.0 = Release|Any CPU
		{EADC0AA9-437B-4B16-A1FA-48ABC9254673}.Debug|Any CPU.ActiveCfg = Debug|Any CPU
		{EADC0AA9-437B-4B16-A1FA-48ABC9254673}.Debug|Any CPU.Build.0 = Debug|Any CPU
		{EADC0AA9-437B-4B16-A1FA-48ABC9254673}.Release|Any CPU.ActiveCfg = Release|Any CPU
		{EADC0AA9-437B-4B16-A1FA-48ABC9254673}.Release|Any CPU.Build.0 = Release|Any CPU
		{F9FE7F3F-8B0A-4D26-8982-68A2B474EE44}.Debug|Any CPU.ActiveCfg = Debug|Any CPU
		{F9FE7F3F-8B0A-4D26-8982-68A2B474EE44}.Debug|Any CPU.Build.0 = Debug|Any CPU
		{F9FE7F3F-8B0A-4D26-8982-68A2B474EE44}.Release|Any CPU.ActiveCfg = Release|Any CPU
		{F9FE7F3F-8B0A-4D26-8982-68A2B474EE44}.Release|Any CPU.Build.0 = Release|Any CPU
	EndGlobalSection
	GlobalSection(SolutionProperties) = preSolution
		HideSolutionNode = FALSE
	EndGlobalSection
	GlobalSection(NestedProjects) = preSolution
		{3E50FC9C-1BF6-443C-832F-9EA6245870FF} = {B0059F9B-322B-4C75-9FE6-94A00DE2FFC0}
		{2D940BD2-6BC0-40AD-85DA-1EDA469781A8} = {241FB04A-5A2B-4473-AF34-34CF25635F6F}
		{44DC90E9-CDF8-48AB-8375-7206A70914F5} = {241FB04A-5A2B-4473-AF34-34CF25635F6F}
		{E337B55A-BCD5-4FE2-90CB-F7A57B24E9D6} = {D8A366F5-5B59-43D9-9CAA-2D9A42677620}
		{EADC0AA9-437B-4B16-A1FA-48ABC9254673} = {8C8F5494-6572-4DBC-B79C-20361110E653}
		{F9FE7F3F-8B0A-4D26-8982-68A2B474EE44} = {8C8F5494-6572-4DBC-B79C-20361110E653}
	EndGlobalSection
EndGlobal
